// !$*UTF8*$!
{
	archiveVersion = 1;
	classes = {
	};
	objectVersion = 50;
	objects = {

/* Begin PBXBuildFile section */
		522802B66399DC3AF0B957E8 /* libPods-web.a in Frameworks */ = {isa = PBXBuildFile; fileRef = F8ACCB70ECE3C93546C43E7A /* libPods-web.a */; };
		69D2E753217981160044485E /* AppDelegate.m in Sources */ = {isa = PBXBuildFile; fileRef = 69D2E752217981160044485E /* AppDelegate.m */; };
		69D2E756217981160044485E /* ViewController.m in Sources */ = {isa = PBXBuildFile; fileRef = 69D2E755217981160044485E /* ViewController.m */; };
		69D2E759217981160044485E /* Main.storyboard in Resources */ = {isa = PBXBuildFile; fileRef = 69D2E757217981160044485E /* Main.storyboard */; };
		69D2E75B217981170044485E /* Assets.xcassets in Resources */ = {isa = PBXBuildFile; fileRef = 69D2E75A217981170044485E /* Assets.xcassets */; };
		69D2E75E217981170044485E /* LaunchScreen.storyboard in Resources */ = {isa = PBXBuildFile; fileRef = 69D2E75C217981170044485E /* LaunchScreen.storyboard */; };
		69D2E761217981170044485E /* main.m in Sources */ = {isa = PBXBuildFile; fileRef = 69D2E760217981170044485E /* main.m */; };
		69D2E7692179819B0044485E /* SPSafariController.m in Sources */ = {isa = PBXBuildFile; fileRef = 69D2E7682179819B0044485E /* SPSafariController.m */; };
		69D2E76C217986290044485E /* UIView+Layout.m in Sources */ = {isa = PBXBuildFile; fileRef = 69D2E76A217986280044485E /* UIView+Layout.m */; };
		69D2E7AB217EE8320044485E /* HybridNSURLProtocol.m in Sources */ = {isa = PBXBuildFile; fileRef = 69D2E7A4217EE8320044485E /* HybridNSURLProtocol.m */; };
		69D2E7AC217EE8320044485E /* NSURLProtocol+WKWebVIew.m in Sources */ = {isa = PBXBuildFile; fileRef = 69D2E7A5217EE8320044485E /* NSURLProtocol+WKWebVIew.m */; };
		69D2E7AD217EE8320044485E /* NSURLProtocol+UIWebVIew.m in Sources */ = {isa = PBXBuildFile; fileRef = 69D2E7A6217EE8320044485E /* NSURLProtocol+UIWebVIew.m */; };
		69D2E7B5217EF4F70044485E /* PlayerSubView.m in Sources */ = {isa = PBXBuildFile; fileRef = 69D2E7AF217EF4F70044485E /* PlayerSubView.m */; };
		69D2E7B6217EF4F70044485E /* PlayerView.m in Sources */ = {isa = PBXBuildFile; fileRef = 69D2E7B0217EF4F70044485E /* PlayerView.m */; };
		69D2E7B7217EF4F70044485E /* PlayerView.bundle in Resources */ = {isa = PBXBuildFile; fileRef = 69D2E7B1217EF4F70044485E /* PlayerView.bundle */; };
		69D2E7B8217EF4F70044485E /* PlayerView.xib in Resources */ = {isa = PBXBuildFile; fileRef = 69D2E7B3217EF4F70044485E /* PlayerView.xib */; };
		69D2E7BB217EF50B0044485E /* PlayViewController.m in Sources */ = {isa = PBXBuildFile; fileRef = 69D2E7BA217EF50A0044485E /* PlayViewController.m */; };
/* End PBXBuildFile section */

/* Begin PBXFileReference section */
		69D2E74E217981160044485E /* web.app */ = {isa = PBXFileReference; explicitFileType = wrapper.application; includeInIndex = 0; path = web.app; sourceTree = BUILT_PRODUCTS_DIR; };
		69D2E751217981160044485E /* AppDelegate.h */ = {isa = PBXFileReference; lastKnownFileType = sourcecode.c.h; path = AppDelegate.h; sourceTree = "<group>"; };
		69D2E752217981160044485E /* AppDelegate.m */ = {isa = PBXFileReference; lastKnownFileType = sourcecode.c.objc; path = AppDelegate.m; sourceTree = "<group>"; };
		69D2E754217981160044485E /* ViewController.h */ = {isa = PBXFileReference; lastKnownFileType = sourcecode.c.h; path = ViewController.h; sourceTree = "<group>"; };
		69D2E755217981160044485E /* ViewController.m */ = {isa = PBXFileReference; lastKnownFileType = sourcecode.c.objc; path = ViewController.m; sourceTree = "<group>"; };
		69D2E758217981160044485E /* Base */ = {isa = PBXFileReference; lastKnownFileType = file.storyboard; name = Base; path = Base.lproj/Main.storyboard; sourceTree = "<group>"; };
		69D2E75A217981170044485E /* Assets.xcassets */ = {isa = PBXFileReference; lastKnownFileType = folder.assetcatalog; path = Assets.xcassets; sourceTree = "<group>"; };
		69D2E75D217981170044485E /* Base */ = {isa = PBXFileReference; lastKnownFileType = file.storyboard; name = Base; path = Base.lproj/LaunchScreen.storyboard; sourceTree = "<group>"; };
		69D2E75F217981170044485E /* Info.plist */ = {isa = PBXFileReference; lastKnownFileType = text.plist.xml; path = Info.plist; sourceTree = "<group>"; };
		69D2E760217981170044485E /* main.m */ = {isa = PBXFileReference; lastKnownFileType = sourcecode.c.objc; path = main.m; sourceTree = "<group>"; };
		69D2E7672179819B0044485E /* SPSafariController.h */ = {isa = PBXFileReference; lastKnownFileType = sourcecode.c.h; path = SPSafariController.h; sourceTree = "<group>"; };
		69D2E7682179819B0044485E /* SPSafariController.m */ = {isa = PBXFileReference; lastKnownFileType = sourcecode.c.objc; path = SPSafariController.m; sourceTree = "<group>"; };
		69D2E76A217986280044485E /* UIView+Layout.m */ = {isa = PBXFileReference; fileEncoding = 4; lastKnownFileType = sourcecode.c.objc; path = "UIView+Layout.m"; sourceTree = "<group>"; };
		69D2E76B217986280044485E /* UIView+Layout.h */ = {isa = PBXFileReference; fileEncoding = 4; lastKnownFileType = sourcecode.c.h; path = "UIView+Layout.h"; sourceTree = "<group>"; };
		69D2E7A4217EE8320044485E /* HybridNSURLProtocol.m */ = {isa = PBXFileReference; fileEncoding = 4; lastKnownFileType = sourcecode.c.objc; path = HybridNSURLProtocol.m; sourceTree = "<group>"; };
		69D2E7A5217EE8320044485E /* NSURLProtocol+WKWebVIew.m */ = {isa = PBXFileReference; fileEncoding = 4; lastKnownFileType = sourcecode.c.objc; path = "NSURLProtocol+WKWebVIew.m"; sourceTree = "<group>"; };
		69D2E7A6217EE8320044485E /* NSURLProtocol+UIWebVIew.m */ = {isa = PBXFileReference; fileEncoding = 4; lastKnownFileType = sourcecode.c.objc; path = "NSURLProtocol+UIWebVIew.m"; sourceTree = "<group>"; };
		69D2E7A7217EE8320044485E /* HybridNSURLProtocol.h */ = {isa = PBXFileReference; fileEncoding = 4; lastKnownFileType = sourcecode.c.h; path = HybridNSURLProtocol.h; sourceTree = "<group>"; };
		69D2E7A8217EE8320044485E /* NSURLProtocol+WKWebVIew.h */ = {isa = PBXFileReference; fileEncoding = 4; lastKnownFileType = sourcecode.c.h; path = "NSURLProtocol+WKWebVIew.h"; sourceTree = "<group>"; };
		69D2E7AA217EE8320044485E /* NSURLProtocol+UIWebVIew.h */ = {isa = PBXFileReference; fileEncoding = 4; lastKnownFileType = sourcecode.c.h; path = "NSURLProtocol+UIWebVIew.h"; sourceTree = "<group>"; };
		69D2E7AF217EF4F70044485E /* PlayerSubView.m */ = {isa = PBXFileReference; fileEncoding = 4; lastKnownFileType = sourcecode.c.objc; path = PlayerSubView.m; sourceTree = "<group>"; };
		69D2E7B0217EF4F70044485E /* PlayerView.m */ = {isa = PBXFileReference; fileEncoding = 4; lastKnownFileType = sourcecode.c.objc; path = PlayerView.m; sourceTree = "<group>"; };
		69D2E7B1217EF4F70044485E /* PlayerView.bundle */ = {isa = PBXFileReference; lastKnownFileType = "wrapper.plug-in"; path = PlayerView.bundle; sourceTree = "<group>"; };
		69D2E7B2217EF4F70044485E /* PlayerSubView.h */ = {isa = PBXFileReference; fileEncoding = 4; lastKnownFileType = sourcecode.c.h; path = PlayerSubView.h; sourceTree = "<group>"; };
		69D2E7B3217EF4F70044485E /* PlayerView.xib */ = {isa = PBXFileReference; fileEncoding = 4; lastKnownFileType = file.xib; path = PlayerView.xib; sourceTree = "<group>"; };
		69D2E7B4217EF4F70044485E /* PlayerView.h */ = {isa = PBXFileReference; fileEncoding = 4; lastKnownFileType = sourcecode.c.h; path = PlayerView.h; sourceTree = "<group>"; };
		69D2E7B9217EF50A0044485E /* PlayViewController.h */ = {isa = PBXFileReference; lastKnownFileType = sourcecode.c.h; path = PlayViewController.h; sourceTree = "<group>"; };
		69D2E7BA217EF50A0044485E /* PlayViewController.m */ = {isa = PBXFileReference; lastKnownFileType = sourcecode.c.objc; path = PlayViewController.m; sourceTree = "<group>"; };
		7C6C6737EB2BA8C9C2B53017 /* Pods-web.debug.xcconfig */ = {isa = PBXFileReference; includeInIndex = 1; lastKnownFileType = text.xcconfig; name = "Pods-web.debug.xcconfig"; path = "Target Support Files/Pods-web/Pods-web.debug.xcconfig"; sourceTree = "<group>"; };
		DD4EA87D2B5811400A8876F0 /* Pods-web.release.xcconfig */ = {isa = PBXFileReference; includeInIndex = 1; lastKnownFileType = text.xcconfig; name = "Pods-web.release.xcconfig"; path = "Target Support Files/Pods-web/Pods-web.release.xcconfig"; sourceTree = "<group>"; };
		F8ACCB70ECE3C93546C43E7A /* libPods-web.a */ = {isa = PBXFileReference; explicitFileType = archive.ar; includeInIndex = 0; path = "libPods-web.a"; sourceTree = BUILT_PRODUCTS_DIR; };
/* End PBXFileReference section */

/* Begin PBXFrameworksBuildPhase section */
		69D2E74B217981160044485E /* Frameworks */ = {
			isa = PBXFrameworksBuildPhase;
			buildActionMask = 2147483647;
			files = (
				522802B66399DC3AF0B957E8 /* libPods-web.a in Frameworks */,
			);
			runOnlyForDeploymentPostprocessing = 0;
		};
/* End PBXFrameworksBuildPhase section */

/* Begin PBXGroup section */
		184FF280B33CE4236E87858A /* Pods */ = {
			isa = PBXGroup;
			children = (
				7C6C6737EB2BA8C9C2B53017 /* Pods-web.debug.xcconfig */,
				DD4EA87D2B5811400A8876F0 /* Pods-web.release.xcconfig */,
			);
			path = Pods;
			sourceTree = "<group>";
		};
		69D2E745217981160044485E = {
			isa = PBXGroup;
			children = (
				69D2E750217981160044485E /* web */,
				69D2E74F217981160044485E /* Products */,
				184FF280B33CE4236E87858A /* Pods */,
				E58B0609A5B450217F338DC3 /* Frameworks */,
			);
			sourceTree = "<group>";
		};
		69D2E74F217981160044485E /* Products */ = {
			isa = PBXGroup;
			children = (
				69D2E74E217981160044485E /* web.app */,
			);
			name = Products;
			sourceTree = "<group>";
		};
		69D2E750217981160044485E /* web */ = {
			isa = PBXGroup;
			children = (
				69D2E7AE217EF4F70044485E /* Player */,
				69D2E7A3217EE8320044485E /* NSURLProtocol */,
				69D2E751217981160044485E /* AppDelegate.h */,
				69D2E752217981160044485E /* AppDelegate.m */,
				69D2E75A217981170044485E /* Assets.xcassets */,
				69D2E75F217981170044485E /* Info.plist */,
				69D2E75C217981170044485E /* LaunchScreen.storyboard */,
				69D2E760217981170044485E /* main.m */,
				69D2E757217981160044485E /* Main.storyboard */,
				69D2E7672179819B0044485E /* SPSafariController.h */,
				69D2E7682179819B0044485E /* SPSafariController.m */,
				69D2E76B217986280044485E /* UIView+Layout.h */,
				69D2E76A217986280044485E /* UIView+Layout.m */,
				69D2E754217981160044485E /* ViewController.h */,
				69D2E755217981160044485E /* ViewController.m */,
				69D2E7B9217EF50A0044485E /* PlayViewController.h */,
				69D2E7BA217EF50A0044485E /* PlayViewController.m */,
			);
			path = web;
			sourceTree = "<group>";
		};
		69D2E7A3217EE8320044485E /* NSURLProtocol */ = {
			isa = PBXGroup;
			children = (
				69D2E7A7217EE8320044485E /* HybridNSURLProtocol.h */,
				69D2E7A4217EE8320044485E /* HybridNSURLProtocol.m */,
				69D2E7AA217EE8320044485E /* NSURLProtocol+UIWebVIew.h */,
				69D2E7A6217EE8320044485E /* NSURLProtocol+UIWebVIew.m */,
				69D2E7A8217EE8320044485E /* NSURLProtocol+WKWebVIew.h */,
				69D2E7A5217EE8320044485E /* NSURLProtocol+WKWebVIew.m */,
			);
			path = NSURLProtocol;
			sourceTree = "<group>";
		};
		69D2E7AE217EF4F70044485E /* Player */ = {
			isa = PBXGroup;
			children = (
				69D2E7AF217EF4F70044485E /* PlayerSubView.m */,
				69D2E7B0217EF4F70044485E /* PlayerView.m */,
				69D2E7B1217EF4F70044485E /* PlayerView.bundle */,
				69D2E7B2217EF4F70044485E /* PlayerSubView.h */,
				69D2E7B3217EF4F70044485E /* PlayerView.xib */,
				69D2E7B4217EF4F70044485E /* PlayerView.h */,
			);
			path = Player;
			sourceTree = "<group>";
		};
		E58B0609A5B450217F338DC3 /* Frameworks */ = {
			isa = PBXGroup;
			children = (
				F8ACCB70ECE3C93546C43E7A /* libPods-web.a */,
			);
			name = Frameworks;
			sourceTree = "<group>";
		};
/* End PBXGroup section */

/* Begin PBXNativeTarget section */
		69D2E74D217981160044485E /* web */ = {
			isa = PBXNativeTarget;
			buildConfigurationList = 69D2E764217981170044485E /* Build configuration list for PBXNativeTarget "web" */;
			buildPhases = (
				A733CF52489EDF3B9A32372B /* [CP] Check Pods Manifest.lock */,
				69D2E74A217981160044485E /* Sources */,
				69D2E74B217981160044485E /* Frameworks */,
				69D2E74C217981160044485E /* Resources */,
			);
			buildRules = (
			);
			dependencies = (
			);
			name = web;
			productName = web;
			productReference = 69D2E74E217981160044485E /* web.app */;
			productType = "com.apple.product-type.application";
		};
/* End PBXNativeTarget section */

/* Begin PBXProject section */
		69D2E746217981160044485E /* Project object */ = {
			isa = PBXProject;
			attributes = {
				LastUpgradeCheck = 1000;
				ORGANIZATIONNAME = Jay;
				TargetAttributes = {
					69D2E74D217981160044485E = {
						CreatedOnToolsVersion = 10.0;
					};
				};
			};
			buildConfigurationList = 69D2E749217981160044485E /* Build configuration list for PBXProject "web" */;
			compatibilityVersion = "Xcode 9.3";
			developmentRegion = en;
			hasScannedForEncodings = 0;
			knownRegions = (
				en,
				Base,
			);
			mainGroup = 69D2E745217981160044485E;
			productRefGroup = 69D2E74F217981160044485E /* Products */;
			projectDirPath = "";
			projectRoot = "";
			targets = (
				69D2E74D217981160044485E /* web */,
			);
		};
/* End PBXProject section */

/* Begin PBXResourcesBuildPhase section */
		69D2E74C217981160044485E /* Resources */ = {
			isa = PBXResourcesBuildPhase;
			buildActionMask = 2147483647;
			files = (
				69D2E75E217981170044485E /* LaunchScreen.storyboard in Resources */,
				69D2E7B7217EF4F70044485E /* PlayerView.bundle in Resources */,
				69D2E75B217981170044485E /* Assets.xcassets in Resources */,
				69D2E759217981160044485E /* Main.storyboard in Resources */,
				69D2E7B8217EF4F70044485E /* PlayerView.xib in Resources */,
			);
			runOnlyForDeploymentPostprocessing = 0;
		};
/* End PBXResourcesBuildPhase section */

/* Begin PBXShellScriptBuildPhase section */
		A733CF52489EDF3B9A32372B /* [CP] Check Pods Manifest.lock */ = {
			isa = PBXShellScriptBuildPhase;
			buildActionMask = 2147483647;
			files = (
			);
			inputFileListPaths = (
			);
			inputPaths = (
				"${PODS_PODFILE_DIR_PATH}/Podfile.lock",
				"${PODS_ROOT}/Manifest.lock",
			);
			name = "[CP] Check Pods Manifest.lock";
			outputFileListPaths = (
			);
			outputPaths = (
				"$(DERIVED_FILE_DIR)/Pods-web-checkManifestLockResult.txt",
			);
			runOnlyForDeploymentPostprocessing = 0;
			shellPath = /bin/sh;
			shellScript = "diff \"${PODS_PODFILE_DIR_PATH}/Podfile.lock\" \"${PODS_ROOT}/Manifest.lock\" > /dev/null\nif [ $? != 0 ] ; then\n    # print error to STDERR\n    echo \"error: The sandbox is not in sync with the Podfile.lock. Run 'pod install' or update your CocoaPods installation.\" >&2\n    exit 1\nfi\n# This output is used by Xcode 'outputs' to avoid re-running this script phase.\necho \"SUCCESS\" > \"${SCRIPT_OUTPUT_FILE_0}\"\n";
			showEnvVarsInLog = 0;
		};
/* End PBXShellScriptBuildPhase section */

/* Begin PBXSourcesBuildPhase section */
		69D2E74A217981160044485E /* Sources */ = {
			isa = PBXSourcesBuildPhase;
			buildActionMask = 2147483647;
			files = (
				69D2E7692179819B0044485E /* SPSafariController.m in Sources */,
				69D2E756217981160044485E /* ViewController.m in Sources */,
				69D2E7AB217EE8320044485E /* HybridNSURLProtocol.m in Sources */,
				69D2E761217981170044485E /* main.m in Sources */,
				69D2E7AD217EE8320044485E /* NSURLProtocol+UIWebVIew.m in Sources */,
				69D2E7BB217EF50B0044485E /* PlayViewController.m in Sources */,
				69D2E76C217986290044485E /* UIView+Layout.m in Sources */,
				69D2E7B5217EF4F70044485E /* PlayerSubView.m in Sources */,
				69D2E753217981160044485E /* AppDelegate.m in Sources */,
				69D2E7AC217EE8320044485E /* NSURLProtocol+WKWebVIew.m in Sources */,
				69D2E7B6217EF4F70044485E /* PlayerView.m in Sources */,
			);
			runOnlyForDeploymentPostprocessing = 0;
		};
/* End PBXSourcesBuildPhase section */

/* Begin PBXVariantGroup section */
		69D2E757217981160044485E /* Main.storyboard */ = {
			isa = PBXVariantGroup;
			children = (
				69D2E758217981160044485E /* Base */,
			);
			name = Main.storyboard;
			sourceTree = "<group>";
		};
		69D2E75C217981170044485E /* LaunchScreen.storyboard */ = {
			isa = PBXVariantGroup;
			children = (
				69D2E75D217981170044485E /* Base */,
			);
			name = LaunchScreen.storyboard;
			sourceTree = "<group>";
		};
/* End PBXVariantGroup section */

/* Begin XCBuildConfiguration section */
		69D2E762217981170044485E /* Debug */ = {
			isa = XCBuildConfiguration;
			buildSettings = {
				ALWAYS_SEARCH_USER_PATHS = NO;
				CLANG_ANALYZER_NONNULL = YES;
				CLANG_ANALYZER_NUMBER_OBJECT_CONVERSION = YES_AGGRESSIVE;
				CLANG_CXX_LANGUAGE_STANDARD = "gnu++14";
				CLANG_CXX_LIBRARY = "libc++";
				CLANG_ENABLE_MODULES = YES;
				CLANG_ENABLE_OBJC_ARC = YES;
				CLANG_ENABLE_OBJC_WEAK = YES;
				CLANG_WARN_BLOCK_CAPTURE_AUTORELEASING = YES;
				CLANG_WARN_BOOL_CONVERSION = YES;
				CLANG_WARN_COMMA = YES;
				CLANG_WARN_CONSTANT_CONVERSION = YES;
				CLANG_WARN_DEPRECATED_OBJC_IMPLEMENTATIONS = YES;
				CLANG_WARN_DIRECT_OBJC_ISA_USAGE = YES_ERROR;
				CLANG_WARN_DOCUMENTATION_COMMENTS = YES;
				CLANG_WARN_EMPTY_BODY = YES;
				CLANG_WARN_ENUM_CONVERSION = YES;
				CLANG_WARN_INFINITE_RECURSION = YES;
				CLANG_WARN_INT_CONVERSION = YES;
				CLANG_WARN_NON_LITERAL_NULL_CONVERSION = YES;
				CLANG_WARN_OBJC_IMPLICIT_RETAIN_SELF = YES;
				CLANG_WARN_OBJC_LITERAL_CONVERSION = YES;
				CLANG_WARN_OBJC_ROOT_CLASS = YES_ERROR;
				CLANG_WARN_RANGE_LOOP_ANALYSIS = YES;
				CLANG_WARN_STRICT_PROTOTYPES = YES;
				CLANG_WARN_SUSPICIOUS_MOVE = YES;
				CLANG_WARN_UNGUARDED_AVAILABILITY = YES_AGGRESSIVE;
				CLANG_WARN_UNREACHABLE_CODE = YES;
				CLANG_WARN__DUPLICATE_METHOD_MATCH = YES;
				CODE_SIGN_IDENTITY = "iPhone Developer";
				COPY_PHASE_STRIP = NO;
				DEBUG_INFORMATION_FORMAT = dwarf;
				ENABLE_STRICT_OBJC_MSGSEND = YES;
				ENABLE_TESTABILITY = YES;
				GCC_C_LANGUAGE_STANDARD = gnu11;
				GCC_DYNAMIC_NO_PIC = NO;
				GCC_NO_COMMON_BLOCKS = YES;
				GCC_OPTIMIZATION_LEVEL = 0;
				GCC_PREPROCESSOR_DEFINITIONS = (
					"DEBUG=1",
					"$(inherited)",
				);
				GCC_WARN_64_TO_32_BIT_CONVERSION = YES;
				GCC_WARN_ABOUT_RETURN_TYPE = YES_ERROR;
				GCC_WARN_UNDECLARED_SELECTOR = YES;
				GCC_WARN_UNINITIALIZED_AUTOS = YES_AGGRESSIVE;
				GCC_WARN_UNUSED_FUNCTION = YES;
				GCC_WARN_UNUSED_VARIABLE = YES;
				IPHONEOS_DEPLOYMENT_TARGET = 12.0;
				MTL_ENABLE_DEBUG_INFO = INCLUDE_SOURCE;
				MTL_FAST_MATH = YES;
				ONLY_ACTIVE_ARCH = YES;
				SDKROOT = iphoneos;
			};
			name = Debug;
		};
		69D2E763217981170044485E /* Release */ = {
			isa = XCBuildConfiguration;
			buildSettings = {
				ALWAYS_SEARCH_USER_PATHS = NO;
				CLANG_ANALYZER_NONNULL = YES;
				CLANG_ANALYZER_NUMBER_OBJECT_CONVERSION = YES_AGGRESSIVE;
				CLANG_CXX_LANGUAGE_STANDARD = "gnu++14";
				CLANG_CXX_LIBRARY = "libc++";
				CLANG_ENABLE_MODULES = YES;
				CLANG_ENABLE_OBJC_ARC = YES;
				CLANG_ENABLE_OBJC_WEAK = YES;
				CLANG_WARN_BLOCK_CAPTURE_AUTORELEASING = YES;
				CLANG_WARN_BOOL_CONVERSION = YES;
				CLANG_WARN_COMMA = YES;
				CLANG_WARN_CONSTANT_CONVERSION = YES;
				CLANG_WARN_DEPRECATED_OBJC_IMPLEMENTATIONS = YES;
				CLANG_WARN_DIRECT_OBJC_ISA_USAGE = YES_ERROR;
				CLANG_WARN_DOCUMENTATION_COMMENTS = YES;
				CLANG_WARN_EMPTY_BODY = YES;
				CLANG_WARN_ENUM_CONVERSION = YES;
				CLANG_WARN_INFINITE_RECURSION = YES;
				CLANG_WARN_INT_CONVERSION = YES;
				CLANG_WARN_NON_LITERAL_NULL_CONVERSION = YES;
				CLANG_WARN_OBJC_IMPLICIT_RETAIN_SELF = YES;
				CLANG_WARN_OBJC_LITERAL_CONVERSION = YES;
				CLANG_WARN_OBJC_ROOT_CLASS = YES_ERROR;
				CLANG_WARN_RANGE_LOOP_ANALYSIS = YES;
				CLANG_WARN_STRICT_PROTOTYPES = YES;
				CLANG_WARN_SUSPICIOUS_MOVE = YES;
				CLANG_WARN_UNGUARDED_AVAILABILITY = YES_AGGRESSIVE;
				CLANG_WARN_UNREACHABLE_CODE = YES;
				CLANG_WARN__DUPLICATE_METHOD_MATCH = YES;
				CODE_SIGN_IDENTITY = "iPhone Developer";
				COPY_PHASE_STRIP = NO;
				DEBUG_INFORMATION_FORMAT = "dwarf-with-dsym";
				ENABLE_NS_ASSERTIONS = NO;
				ENABLE_STRICT_OBJC_MSGSEND = YES;
				GCC_C_LANGUAGE_STANDARD = gnu11;
				GCC_NO_COMMON_BLOCKS = YES;
				GCC_WARN_64_TO_32_BIT_CONVERSION = YES;
				GCC_WARN_ABOUT_RETURN_TYPE = YES_ERROR;
				GCC_WARN_UNDECLARED_SELECTOR = YES;
				GCC_WARN_UNINITIALIZED_AUTOS = YES_AGGRESSIVE;
				GCC_WARN_UNUSED_FUNCTION = YES;
				GCC_WARN_UNUSED_VARIABLE = YES;
				IPHONEOS_DEPLOYMENT_TARGET = 12.0;
				MTL_ENABLE_DEBUG_INFO = NO;
				MTL_FAST_MATH = YES;
				SDKROOT = iphoneos;
				VALIDATE_PRODUCT = YES;
			};
			name = Release;
		};
		69D2E765217981170044485E /* Debug */ = {
			isa = XCBuildConfiguration;
			baseConfigurationReference = 7C6C6737EB2BA8C9C2B53017 /* Pods-web.debug.xcconfig */;
			buildSettings = {
				ASSETCATALOG_COMPILER_APPICON_NAME = AppIcon;
				CODE_SIGN_STYLE = Automatic;
				DEVELOPMENT_TEAM = LDU5GR594Q;
				INFOPLIST_FILE = web/Info.plist;
				IPHONEOS_DEPLOYMENT_TARGET = 8.0;
				LD_RUNPATH_SEARCH_PATHS = (
					"$(inherited)",
					"@executable_path/Frameworks",
				);
				PRODUCT_BUNDLE_IDENTIFIER = com.web;
				PRODUCT_NAME = "$(TARGET_NAME)";
				TARGETED_DEVICE_FAMILY = "1,2";
			};
			name = Debug;
		};
		69D2E766217981170044485E /* Release */ = {
			isa = XCBuildConfiguration;
			baseConfigurationReference = DD4EA87D2B5811400A8876F0 /* Pods-web.release.xcconfig */;
			buildSettings = {
				ASSETCATALOG_COMPILER_APPICON_NAME = AppIcon;
				CODE_SIGN_STYLE = Automatic;
				DEVELOPMENT_TEAM = LDU5GR594Q;
				INFOPLIST_FILE = web/Info.plist;
				IPHONEOS_DEPLOYMENT_TARGET = 8.0;
				LD_RUNPATH_SEARCH_PATHS = (
					"$(inherited)",
					"@executable_path/Frameworks",
				);
				PRODUCT_BUNDLE_IDENTIFIER = com.web;
				PRODUCT_NAME = "$(TARGET_NAME)";
				TARGETED_DEVICE_FAMILY = "1,2";
			};
			name = Release;
		};
/* End XCBuildConfiguration section */

/* Begin XCConfigurationList section */
		69D2E749217981160044485E /* Build configuration list for PBXProject "web" */ = {
			isa = XCConfigurationList;
			buildConfigurations = (
				69D2E762217981170044485E /* Debug */,
				69D2E763217981170044485E /* Release */,
			);
			defaultConfigurationIsVisible = 0;
			defaultConfigurationName = Release;
		};
		69D2E764217981170044485E /* Build configuration list for PBXNativeTarget "web" */ = {
			isa = XCConfigurationList;
			buildConfigurations = (
				69D2E765217981170044485E /* Debug */,
				69D2E766217981170044485E /* Release */,
			);
			defaultConfigurationIsVisible = 0;
			defaultConfigurationName = Release;
		};
/* End XCConfigurationList section */
	};
	rootObject = 69D2E746217981160044485E /* Project object */;
}
