// !$*UTF8*$!
{
	archiveVersion = 1;
	classes = {
	};
	objectVersion = 46;
	objects = {

/* Begin PBXBuildFile section */
		69C5AAA02142098B009259B3 /* NSObject+DB.m in Sources */ = {isa = PBXBuildFile; fileRef = 69C5AA9F2142098B009259B3 /* NSObject+DB.m */; };
		7A32F25B1FBE81BF00E3B7E4 /* DataBase.m in Sources */ = {isa = PBXBuildFile; fileRef = 7A32F25A1FBE81BF00E3B7E4 /* DataBase.m */; };
		7A32F2611FBE8B5400E3B7E4 /* Dog.m in Sources */ = {isa = PBXBuildFile; fileRef = 7A32F2601FBE8B5400E3B7E4 /* Dog.m */; };
		7A7DD2E01FBC081C0004E741 /* main.m in Sources */ = {isa = PBXBuildFile; fileRef = 7A7DD2DF1FBC081C0004E741 /* main.m */; };
		7A7DD2E31FBC081C0004E741 /* AppDelegate.m in Sources */ = {isa = PBXBuildFile; fileRef = 7A7DD2E21FBC081C0004E741 /* AppDelegate.m */; };
		7A7DD2E61FBC081C0004E741 /* ViewController.m in Sources */ = {isa = PBXBuildFile; fileRef = 7A7DD2E51FBC081C0004E741 /* ViewController.m */; };
		7A7DD2E91FBC081C0004E741 /* Main.storyboard in Resources */ = {isa = PBXBuildFile; fileRef = 7A7DD2E71FBC081C0004E741 /* Main.storyboard */; };
		7A7DD2EB1FBC081D0004E741 /* Assets.xcassets in Resources */ = {isa = PBXBuildFile; fileRef = 7A7DD2EA1FBC081D0004E741 /* Assets.xcassets */; };
		7A7DD2EE1FBC081D0004E741 /* LaunchScreen.storyboard in Resources */ = {isa = PBXBuildFile; fileRef = 7A7DD2EC1FBC081D0004E741 /* LaunchScreen.storyboard */; };
		7A7DD2F91FBC081D0004E741 /* sqliteTests.m in Sources */ = {isa = PBXBuildFile; fileRef = 7A7DD2F81FBC081D0004E741 /* sqliteTests.m */; };
		7A7DD3041FBC081D0004E741 /* sqliteUITests.m in Sources */ = {isa = PBXBuildFile; fileRef = 7A7DD3031FBC081D0004E741 /* sqliteUITests.m */; };
		7A7DD3131FBC08450004E741 /* libsqlite3.0.tbd in Frameworks */ = {isa = PBXBuildFile; fileRef = 7A7DD3121FBC08450004E741 /* libsqlite3.0.tbd */; };
/* End PBXBuildFile section */

/* Begin PBXContainerItemProxy section */
		7A7DD2F51FBC081D0004E741 /* PBXContainerItemProxy */ = {
			isa = PBXContainerItemProxy;
			containerPortal = 7A7DD2D31FBC081B0004E741 /* Project object */;
			proxyType = 1;
			remoteGlobalIDString = 7A7DD2DA1FBC081C0004E741;
			remoteInfo = sqlite;
		};
		7A7DD3001FBC081D0004E741 /* PBXContainerItemProxy */ = {
			isa = PBXContainerItemProxy;
			containerPortal = 7A7DD2D31FBC081B0004E741 /* Project object */;
			proxyType = 1;
			remoteGlobalIDString = 7A7DD2DA1FBC081C0004E741;
			remoteInfo = sqlite;
		};
/* End PBXContainerItemProxy section */

/* Begin PBXFileReference section */
		69C5AA9E2142098B009259B3 /* NSObject+DB.h */ = {isa = PBXFileReference; lastKnownFileType = sourcecode.c.h; path = "NSObject+DB.h"; sourceTree = "<group>"; };
		69C5AA9F2142098B009259B3 /* NSObject+DB.m */ = {isa = PBXFileReference; lastKnownFileType = sourcecode.c.objc; path = "NSObject+DB.m"; sourceTree = "<group>"; };
		7A32F2591FBE81BF00E3B7E4 /* DataBase.h */ = {isa = PBXFileReference; fileEncoding = 4; lastKnownFileType = sourcecode.c.h; path = DataBase.h; sourceTree = "<group>"; };
		7A32F25A1FBE81BF00E3B7E4 /* DataBase.m */ = {isa = PBXFileReference; fileEncoding = 4; lastKnownFileType = sourcecode.c.objc; path = DataBase.m; sourceTree = "<group>"; };
		7A32F25F1FBE8B5400E3B7E4 /* Dog.h */ = {isa = PBXFileReference; fileEncoding = 4; lastKnownFileType = sourcecode.c.h; path = Dog.h; sourceTree = "<group>"; };
		7A32F2601FBE8B5400E3B7E4 /* Dog.m */ = {isa = PBXFileReference; fileEncoding = 4; lastKnownFileType = sourcecode.c.objc; path = Dog.m; sourceTree = "<group>"; };
		7A7DD2DB1FBC081C0004E741 /* sqlite.app */ = {isa = PBXFileReference; explicitFileType = wrapper.application; includeInIndex = 0; path = sqlite.app; sourceTree = BUILT_PRODUCTS_DIR; };
		7A7DD2DF1FBC081C0004E741 /* main.m */ = {isa = PBXFileReference; lastKnownFileType = sourcecode.c.objc; path = main.m; sourceTree = "<group>"; };
		7A7DD2E11FBC081C0004E741 /* AppDelegate.h */ = {isa = PBXFileReference; lastKnownFileType = sourcecode.c.h; path = AppDelegate.h; sourceTree = "<group>"; };
		7A7DD2E21FBC081C0004E741 /* AppDelegate.m */ = {isa = PBXFileReference; lastKnownFileType = sourcecode.c.objc; path = AppDelegate.m; sourceTree = "<group>"; };
		7A7DD2E41FBC081C0004E741 /* ViewController.h */ = {isa = PBXFileReference; lastKnownFileType = sourcecode.c.h; path = ViewController.h; sourceTree = "<group>"; };
		7A7DD2E51FBC081C0004E741 /* ViewController.m */ = {isa = PBXFileReference; lastKnownFileType = sourcecode.c.objc; path = ViewController.m; sourceTree = "<group>"; };
		7A7DD2E81FBC081C0004E741 /* Base */ = {isa = PBXFileReference; lastKnownFileType = file.storyboard; name = Base; path = Base.lproj/Main.storyboard; sourceTree = "<group>"; };
		7A7DD2EA1FBC081D0004E741 /* Assets.xcassets */ = {isa = PBXFileReference; lastKnownFileType = folder.assetcatalog; path = Assets.xcassets; sourceTree = "<group>"; };
		7A7DD2ED1FBC081D0004E741 /* Base */ = {isa = PBXFileReference; lastKnownFileType = file.storyboard; name = Base; path = Base.lproj/LaunchScreen.storyboard; sourceTree = "<group>"; };
		7A7DD2EF1FBC081D0004E741 /* Info.plist */ = {isa = PBXFileReference; lastKnownFileType = text.plist.xml; path = Info.plist; sourceTree = "<group>"; };
		7A7DD2F41FBC081D0004E741 /* sqliteTests.xctest */ = {isa = PBXFileReference; explicitFileType = wrapper.cfbundle; includeInIndex = 0; path = sqliteTests.xctest; sourceTree = BUILT_PRODUCTS_DIR; };
		7A7DD2F81FBC081D0004E741 /* sqliteTests.m */ = {isa = PBXFileReference; lastKnownFileType = sourcecode.c.objc; path = sqliteTests.m; sourceTree = "<group>"; };
		7A7DD2FA1FBC081D0004E741 /* Info.plist */ = {isa = PBXFileReference; lastKnownFileType = text.plist.xml; path = Info.plist; sourceTree = "<group>"; };
		7A7DD2FF1FBC081D0004E741 /* sqliteUITests.xctest */ = {isa = PBXFileReference; explicitFileType = wrapper.cfbundle; includeInIndex = 0; path = sqliteUITests.xctest; sourceTree = BUILT_PRODUCTS_DIR; };
		7A7DD3031FBC081D0004E741 /* sqliteUITests.m */ = {isa = PBXFileReference; lastKnownFileType = sourcecode.c.objc; path = sqliteUITests.m; sourceTree = "<group>"; };
		7A7DD3051FBC081D0004E741 /* Info.plist */ = {isa = PBXFileReference; lastKnownFileType = text.plist.xml; path = Info.plist; sourceTree = "<group>"; };
		7A7DD3121FBC08450004E741 /* libsqlite3.0.tbd */ = {isa = PBXFileReference; lastKnownFileType = "sourcecode.text-based-dylib-definition"; name = libsqlite3.0.tbd; path = usr/lib/libsqlite3.0.tbd; sourceTree = SDKROOT; };
/* End PBXFileReference section */

/* Begin PBXFrameworksBuildPhase section */
		7A7DD2D81FBC081C0004E741 /* Frameworks */ = {
			isa = PBXFrameworksBuildPhase;
			buildActionMask = 2147483647;
			files = (
				7A7DD3131FBC08450004E741 /* libsqlite3.0.tbd in Frameworks */,
			);
			runOnlyForDeploymentPostprocessing = 0;
		};
		7A7DD2F11FBC081D0004E741 /* Frameworks */ = {
			isa = PBXFrameworksBuildPhase;
			buildActionMask = 2147483647;
			files = (
			);
			runOnlyForDeploymentPostprocessing = 0;
		};
		7A7DD2FC1FBC081D0004E741 /* Frameworks */ = {
			isa = PBXFrameworksBuildPhase;
			buildActionMask = 2147483647;
			files = (
			);
			runOnlyForDeploymentPostprocessing = 0;
		};
/* End PBXFrameworksBuildPhase section */

/* Begin PBXGroup section */
		7A7DD2D21FBC081B0004E741 = {
			isa = PBXGroup;
			children = (
				7A7DD2DD1FBC081C0004E741 /* sqlite */,
				7A7DD2F71FBC081D0004E741 /* sqliteTests */,
				7A7DD3021FBC081D0004E741 /* sqliteUITests */,
				7A7DD2DC1FBC081C0004E741 /* Products */,
				7A7DD3111FBC08450004E741 /* Frameworks */,
			);
			sourceTree = "<group>";
		};
		7A7DD2DC1FBC081C0004E741 /* Products */ = {
			isa = PBXGroup;
			children = (
				7A7DD2DB1FBC081C0004E741 /* sqlite.app */,
				7A7DD2F41FBC081D0004E741 /* sqliteTests.xctest */,
				7A7DD2FF1FBC081D0004E741 /* sqliteUITests.xctest */,
			);
			name = Products;
			sourceTree = "<group>";
		};
		7A7DD2DD1FBC081C0004E741 /* sqlite */ = {
			isa = PBXGroup;
			children = (
				7A7DD2E11FBC081C0004E741 /* AppDelegate.h */,
				7A7DD2E21FBC081C0004E741 /* AppDelegate.m */,
				7A7DD2E41FBC081C0004E741 /* ViewController.h */,
				7A7DD2E51FBC081C0004E741 /* ViewController.m */,
				7A7DD2E71FBC081C0004E741 /* Main.storyboard */,
				7A7DD2EA1FBC081D0004E741 /* Assets.xcassets */,
				7A7DD2EC1FBC081D0004E741 /* LaunchScreen.storyboard */,
				7A7DD2EF1FBC081D0004E741 /* Info.plist */,
				7A7DD2DE1FBC081C0004E741 /* Supporting Files */,
				7A32F2591FBE81BF00E3B7E4 /* DataBase.h */,
				7A32F25A1FBE81BF00E3B7E4 /* DataBase.m */,
				7A32F25F1FBE8B5400E3B7E4 /* Dog.h */,
				7A32F2601FBE8B5400E3B7E4 /* Dog.m */,
				69C5AA9E2142098B009259B3 /* NSObject+DB.h */,
				69C5AA9F2142098B009259B3 /* NSObject+DB.m */,
			);
			path = sqlite;
			sourceTree = "<group>";
		};
		7A7DD2DE1FBC081C0004E741 /* Supporting Files */ = {
			isa = PBXGroup;
			children = (
				7A7DD2DF1FBC081C0004E741 /* main.m */,
			);
			name = "Supporting Files";
			sourceTree = "<group>";
		};
		7A7DD2F71FBC081D0004E741 /* sqliteTests */ = {
			isa = PBXGroup;
			children = (
				7A7DD2F81FBC081D0004E741 /* sqliteTests.m */,
				7A7DD2FA1FBC081D0004E741 /* Info.plist */,
			);
			path = sqliteTests;
			sourceTree = "<group>";
		};
		7A7DD3021FBC081D0004E741 /* sqliteUITests */ = {
			isa = PBXGroup;
			children = (
				7A7DD3031FBC081D0004E741 /* sqliteUITests.m */,
				7A7DD3051FBC081D0004E741 /* Info.plist */,
			);
			path = sqliteUITests;
			sourceTree = "<group>";
		};
		7A7DD3111FBC08450004E741 /* Frameworks */ = {
			isa = PBXGroup;
			children = (
				7A7DD3121FBC08450004E741 /* libsqlite3.0.tbd */,
			);
			name = Frameworks;
			sourceTree = "<group>";
		};
/* End PBXGroup section */

/* Begin PBXNativeTarget section */
		7A7DD2DA1FBC081C0004E741 /* sqlite */ = {
			isa = PBXNativeTarget;
			buildConfigurationList = 7A7DD3081FBC081D0004E741 /* Build configuration list for PBXNativeTarget "sqlite" */;
			buildPhases = (
				7A7DD2D71FBC081C0004E741 /* Sources */,
				7A7DD2D81FBC081C0004E741 /* Frameworks */,
				7A7DD2D91FBC081C0004E741 /* Resources */,
			);
			buildRules = (
			);
			dependencies = (
			);
			name = sqlite;
			productName = sqlite;
			productReference = 7A7DD2DB1FBC081C0004E741 /* sqlite.app */;
			productType = "com.apple.product-type.application";
		};
		7A7DD2F31FBC081D0004E741 /* sqliteTests */ = {
			isa = PBXNativeTarget;
			buildConfigurationList = 7A7DD30B1FBC081D0004E741 /* Build configuration list for PBXNativeTarget "sqliteTests" */;
			buildPhases = (
				7A7DD2F01FBC081D0004E741 /* Sources */,
				7A7DD2F11FBC081D0004E741 /* Frameworks */,
				7A7DD2F21FBC081D0004E741 /* Resources */,
			);
			buildRules = (
			);
			dependencies = (
				7A7DD2F61FBC081D0004E741 /* PBXTargetDependency */,
			);
			name = sqliteTests;
			productName = sqliteTests;
			productReference = 7A7DD2F41FBC081D0004E741 /* sqliteTests.xctest */;
			productType = "com.apple.product-type.bundle.unit-test";
		};
		7A7DD2FE1FBC081D0004E741 /* sqliteUITests */ = {
			isa = PBXNativeTarget;
			buildConfigurationList = 7A7DD30E1FBC081D0004E741 /* Build configuration list for PBXNativeTarget "sqliteUITests" */;
			buildPhases = (
				7A7DD2FB1FBC081D0004E741 /* Sources */,
				7A7DD2FC1FBC081D0004E741 /* Frameworks */,
				7A7DD2FD1FBC081D0004E741 /* Resources */,
			);
			buildRules = (
			);
			dependencies = (
				7A7DD3011FBC081D0004E741 /* PBXTargetDependency */,
			);
			name = sqliteUITests;
			productName = sqliteUITests;
			productReference = 7A7DD2FF1FBC081D0004E741 /* sqliteUITests.xctest */;
			productType = "com.apple.product-type.bundle.ui-testing";
		};
/* End PBXNativeTarget section */

/* Begin PBXProject section */
		7A7DD2D31FBC081B0004E741 /* Project object */ = {
			isa = PBXProject;
			attributes = {
				LastUpgradeCheck = 0830;
				ORGANIZATIONNAME = FEIWU888;
				TargetAttributes = {
					7A7DD2DA1FBC081C0004E741 = {
						CreatedOnToolsVersion = 8.3.2;
						ProvisioningStyle = Automatic;
					};
					7A7DD2F31FBC081D0004E741 = {
						CreatedOnToolsVersion = 8.3.2;
						ProvisioningStyle = Automatic;
						TestTargetID = 7A7DD2DA1FBC081C0004E741;
					};
					7A7DD2FE1FBC081D0004E741 = {
						CreatedOnToolsVersion = 8.3.2;
						ProvisioningStyle = Automatic;
						TestTargetID = 7A7DD2DA1FBC081C0004E741;
					};
				};
			};
			buildConfigurationList = 7A7DD2D61FBC081B0004E741 /* Build configuration list for PBXProject "sqlite" */;
			compatibilityVersion = "Xcode 3.2";
			developmentRegion = English;
			hasScannedForEncodings = 0;
			knownRegions = (
				en,
				Base,
			);
			mainGroup = 7A7DD2D21FBC081B0004E741;
			productRefGroup = 7A7DD2DC1FBC081C0004E741 /* Products */;
			projectDirPath = "";
			projectRoot = "";
			targets = (
				7A7DD2DA1FBC081C0004E741 /* sqlite */,
				7A7DD2F31FBC081D0004E741 /* sqliteTests */,
				7A7DD2FE1FBC081D0004E741 /* sqliteUITests */,
			);
		};
/* End PBXProject section */

/* Begin PBXResourcesBuildPhase section */
		7A7DD2D91FBC081C0004E741 /* Resources */ = {
			isa = PBXResourcesBuildPhase;
			buildActionMask = 2147483647;
			files = (
				7A7DD2EE1FBC081D0004E741 /* LaunchScreen.storyboard in Resources */,
				7A7DD2EB1FBC081D0004E741 /* Assets.xcassets in Resources */,
				7A7DD2E91FBC081C0004E741 /* Main.storyboard in Resources */,
			);
			runOnlyForDeploymentPostprocessing = 0;
		};
		7A7DD2F21FBC081D0004E741 /* Resources */ = {
			isa = PBXResourcesBuildPhase;
			buildActionMask = 2147483647;
			files = (
			);
			runOnlyForDeploymentPostprocessing = 0;
		};
		7A7DD2FD1FBC081D0004E741 /* Resources */ = {
			isa = PBXResourcesBuildPhase;
			buildActionMask = 2147483647;
			files = (
			);
			runOnlyForDeploymentPostprocessing = 0;
		};
/* End PBXResourcesBuildPhase section */

/* Begin PBXSourcesBuildPhase section */
		7A7DD2D71FBC081C0004E741 /* Sources */ = {
			isa = PBXSourcesBuildPhase;
			buildActionMask = 2147483647;
			files = (
				7A32F2611FBE8B5400E3B7E4 /* Dog.m in Sources */,
				69C5AAA02142098B009259B3 /* NSObject+DB.m in Sources */,
				7A7DD2E61FBC081C0004E741 /* ViewController.m in Sources */,
				7A7DD2E31FBC081C0004E741 /* AppDelegate.m in Sources */,
				7A32F25B1FBE81BF00E3B7E4 /* DataBase.m in Sources */,
				7A7DD2E01FBC081C0004E741 /* main.m in Sources */,
			);
			runOnlyForDeploymentPostprocessing = 0;
		};
		7A7DD2F01FBC081D0004E741 /* Sources */ = {
			isa = PBXSourcesBuildPhase;
			buildActionMask = 2147483647;
			files = (
				7A7DD2F91FBC081D0004E741 /* sqliteTests.m in Sources */,
			);
			runOnlyForDeploymentPostprocessing = 0;
		};
		7A7DD2FB1FBC081D0004E741 /* Sources */ = {
			isa = PBXSourcesBuildPhase;
			buildActionMask = 2147483647;
			files = (
				7A7DD3041FBC081D0004E741 /* sqliteUITests.m in Sources */,
			);
			runOnlyForDeploymentPostprocessing = 0;
		};
/* End PBXSourcesBuildPhase section */

/* Begin PBXTargetDependency section */
		7A7DD2F61FBC081D0004E741 /* PBXTargetDependency */ = {
			isa = PBXTargetDependency;
			target = 7A7DD2DA1FBC081C0004E741 /* sqlite */;
			targetProxy = 7A7DD2F51FBC081D0004E741 /* PBXContainerItemProxy */;
		};
		7A7DD3011FBC081D0004E741 /* PBXTargetDependency */ = {
			isa = PBXTargetDependency;
			target = 7A7DD2DA1FBC081C0004E741 /* sqlite */;
			targetProxy = 7A7DD3001FBC081D0004E741 /* PBXContainerItemProxy */;
		};
/* End PBXTargetDependency section */

/* Begin PBXVariantGroup section */
		7A7DD2E71FBC081C0004E741 /* Main.storyboard */ = {
			isa = PBXVariantGroup;
			children = (
				7A7DD2E81FBC081C0004E741 /* Base */,
			);
			name = Main.storyboard;
			sourceTree = "<group>";
		};
		7A7DD2EC1FBC081D0004E741 /* LaunchScreen.storyboard */ = {
			isa = PBXVariantGroup;
			children = (
				7A7DD2ED1FBC081D0004E741 /* Base */,
			);
			name = LaunchScreen.storyboard;
			sourceTree = "<group>";
		};
/* End PBXVariantGroup section */

/* Begin XCBuildConfiguration section */
		7A7DD3061FBC081D0004E741 /* Debug */ = {
			isa = XCBuildConfiguration;
			buildSettings = {
				ALWAYS_SEARCH_USER_PATHS = NO;
				CLANG_ANALYZER_NONNULL = YES;
				CLANG_ANALYZER_NUMBER_OBJECT_CONVERSION = YES_AGGRESSIVE;
				CLANG_CXX_LANGUAGE_STANDARD = "gnu++0x";
				CLANG_CXX_LIBRARY = "libc++";
				CLANG_ENABLE_MODULES = YES;
				CLANG_ENABLE_OBJC_ARC = YES;
				CLANG_WARN_BOOL_CONVERSION = YES;
				CLANG_WARN_CONSTANT_CONVERSION = YES;
				CLANG_WARN_DIRECT_OBJC_ISA_USAGE = YES_ERROR;
				CLANG_WARN_DOCUMENTATION_COMMENTS = YES;
				CLANG_WARN_EMPTY_BODY = YES;
				CLANG_WARN_ENUM_CONVERSION = YES;
				CLANG_WARN_INFINITE_RECURSION = YES;
				CLANG_WARN_INT_CONVERSION = YES;
				CLANG_WARN_OBJC_ROOT_CLASS = YES_ERROR;
				CLANG_WARN_SUSPICIOUS_MOVE = YES;
				CLANG_WARN_UNREACHABLE_CODE = YES;
				CLANG_WARN__DUPLICATE_METHOD_MATCH = YES;
				"CODE_SIGN_IDENTITY[sdk=iphoneos*]" = "iPhone Developer";
				COPY_PHASE_STRIP = NO;
				DEBUG_INFORMATION_FORMAT = dwarf;
				ENABLE_STRICT_OBJC_MSGSEND = YES;
				ENABLE_TESTABILITY = YES;
				GCC_C_LANGUAGE_STANDARD = gnu99;
				GCC_DYNAMIC_NO_PIC = NO;
				GCC_NO_COMMON_BLOCKS = YES;
				GCC_OPTIMIZATION_LEVEL = 0;
				GCC_PREPROCESSOR_DEFINITIONS = (
					"DEBUG=1",
					"$(inherited)",
				);
				GCC_WARN_64_TO_32_BIT_CONVERSION = YES;
				GCC_WARN_ABOUT_RETURN_TYPE = YES_ERROR;
				GCC_WARN_UNDECLARED_SELECTOR = YES;
				GCC_WARN_UNINITIALIZED_AUTOS = YES_AGGRESSIVE;
				GCC_WARN_UNUSED_FUNCTION = YES;
				GCC_WARN_UNUSED_VARIABLE = YES;
				IPHONEOS_DEPLOYMENT_TARGET = 10.3;
				MTL_ENABLE_DEBUG_INFO = YES;
				ONLY_ACTIVE_ARCH = YES;
				SDKROOT = iphoneos;
				TARGETED_DEVICE_FAMILY = "1,2";
			};
			name = Debug;
		};
		7A7DD3071FBC081D0004E741 /* Release */ = {
			isa = XCBuildConfiguration;
			buildSettings = {
				ALWAYS_SEARCH_USER_PATHS = NO;
				CLANG_ANALYZER_NONNULL = YES;
				CLANG_ANALYZER_NUMBER_OBJECT_CONVERSION = YES_AGGRESSIVE;
				CLANG_CXX_LANGUAGE_STANDARD = "gnu++0x";
				CLANG_CXX_LIBRARY = "libc++";
				CLANG_ENABLE_MODULES = YES;
				CLANG_ENABLE_OBJC_ARC = YES;
				CLANG_WARN_BOOL_CONVERSION = YES;
				CLANG_WARN_CONSTANT_CONVERSION = YES;
				CLANG_WARN_DIRECT_OBJC_ISA_USAGE = YES_ERROR;
				CLANG_WARN_DOCUMENTATION_COMMENTS = YES;
				CLANG_WARN_EMPTY_BODY = YES;
				CLANG_WARN_ENUM_CONVERSION = YES;
				CLANG_WARN_INFINITE_RECURSION = YES;
				CLANG_WARN_INT_CONVERSION = YES;
				CLANG_WARN_OBJC_ROOT_CLASS = YES_ERROR;
				CLANG_WARN_SUSPICIOUS_MOVE = YES;
				CLANG_WARN_UNREACHABLE_CODE = YES;
				CLANG_WARN__DUPLICATE_METHOD_MATCH = YES;
				"CODE_SIGN_IDENTITY[sdk=iphoneos*]" = "iPhone Developer";
				COPY_PHASE_STRIP = NO;
				DEBUG_INFORMATION_FORMAT = "dwarf-with-dsym";
				ENABLE_NS_ASSERTIONS = NO;
				ENABLE_STRICT_OBJC_MSGSEND = YES;
				GCC_C_LANGUAGE_STANDARD = gnu99;
				GCC_NO_COMMON_BLOCKS = YES;
				GCC_WARN_64_TO_32_BIT_CONVERSION = YES;
				GCC_WARN_ABOUT_RETURN_TYPE = YES_ERROR;
				GCC_WARN_UNDECLARED_SELECTOR = YES;
				GCC_WARN_UNINITIALIZED_AUTOS = YES_AGGRESSIVE;
				GCC_WARN_UNUSED_FUNCTION = YES;
				GCC_WARN_UNUSED_VARIABLE = YES;
				IPHONEOS_DEPLOYMENT_TARGET = 10.3;
				MTL_ENABLE_DEBUG_INFO = NO;
				SDKROOT = iphoneos;
				TARGETED_DEVICE_FAMILY = "1,2";
				VALIDATE_PRODUCT = YES;
			};
			name = Release;
		};
		7A7DD3091FBC081D0004E741 /* Debug */ = {
			isa = XCBuildConfiguration;
			buildSettings = {
				ASSETCATALOG_COMPILER_APPICON_NAME = AppIcon;
				INFOPLIST_FILE = sqlite/Info.plist;
				LD_RUNPATH_SEARCH_PATHS = "$(inherited) @executable_path/Frameworks";
				PRODUCT_BUNDLE_IDENTIFIER = "---.sqlite";
				PRODUCT_NAME = "$(TARGET_NAME)";
			};
			name = Debug;
		};
		7A7DD30A1FBC081D0004E741 /* Release */ = {
			isa = XCBuildConfiguration;
			buildSettings = {
				ASSETCATALOG_COMPILER_APPICON_NAME = AppIcon;
				INFOPLIST_FILE = sqlite/Info.plist;
				LD_RUNPATH_SEARCH_PATHS = "$(inherited) @executable_path/Frameworks";
				PRODUCT_BUNDLE_IDENTIFIER = "---.sqlite";
				PRODUCT_NAME = "$(TARGET_NAME)";
			};
			name = Release;
		};
		7A7DD30C1FBC081D0004E741 /* Debug */ = {
			isa = XCBuildConfiguration;
			buildSettings = {
				BUNDLE_LOADER = "$(TEST_HOST)";
				INFOPLIST_FILE = sqliteTests/Info.plist;
				LD_RUNPATH_SEARCH_PATHS = "$(inherited) @executable_path/Frameworks @loader_path/Frameworks";
				PRODUCT_BUNDLE_IDENTIFIER = "---.sqliteTests";
				PRODUCT_NAME = "$(TARGET_NAME)";
				TEST_HOST = "$(BUILT_PRODUCTS_DIR)/sqlite.app/sqlite";
			};
			name = Debug;
		};
		7A7DD30D1FBC081D0004E741 /* Release */ = {
			isa = XCBuildConfiguration;
			buildSettings = {
				BUNDLE_LOADER = "$(TEST_HOST)";
				INFOPLIST_FILE = sqliteTests/Info.plist;
				LD_RUNPATH_SEARCH_PATHS = "$(inherited) @executable_path/Frameworks @loader_path/Frameworks";
				PRODUCT_BUNDLE_IDENTIFIER = "---.sqliteTests";
				PRODUCT_NAME = "$(TARGET_NAME)";
				TEST_HOST = "$(BUILT_PRODUCTS_DIR)/sqlite.app/sqlite";
			};
			name = Release;
		};
		7A7DD30F1FBC081D0004E741 /* Debug */ = {
			isa = XCBuildConfiguration;
			buildSettings = {
				INFOPLIST_FILE = sqliteUITests/Info.plist;
				LD_RUNPATH_SEARCH_PATHS = "$(inherited) @executable_path/Frameworks @loader_path/Frameworks";
				PRODUCT_BUNDLE_IDENTIFIER = "---.sqliteUITests";
				PRODUCT_NAME = "$(TARGET_NAME)";
				TEST_TARGET_NAME = sqlite;
			};
			name = Debug;
		};
		7A7DD3101FBC081D0004E741 /* Release */ = {
			isa = XCBuildConfiguration;
			buildSettings = {
				INFOPLIST_FILE = sqliteUITests/Info.plist;
				LD_RUNPATH_SEARCH_PATHS = "$(inherited) @executable_path/Frameworks @loader_path/Frameworks";
				PRODUCT_BUNDLE_IDENTIFIER = "---.sqliteUITests";
				PRODUCT_NAME = "$(TARGET_NAME)";
				TEST_TARGET_NAME = sqlite;
			};
			name = Release;
		};
/* End XCBuildConfiguration section */

/* Begin XCConfigurationList section */
		7A7DD2D61FBC081B0004E741 /* Build configuration list for PBXProject "sqlite" */ = {
			isa = XCConfigurationList;
			buildConfigurations = (
				7A7DD3061FBC081D0004E741 /* Debug */,
				7A7DD3071FBC081D0004E741 /* Release */,
			);
			defaultConfigurationIsVisible = 0;
			defaultConfigurationName = Release;
		};
		7A7DD3081FBC081D0004E741 /* Build configuration list for PBXNativeTarget "sqlite" */ = {
			isa = XCConfigurationList;
			buildConfigurations = (
				7A7DD3091FBC081D0004E741 /* Debug */,
				7A7DD30A1FBC081D0004E741 /* Release */,
			);
			defaultConfigurationIsVisible = 0;
			defaultConfigurationName = Release;
		};
		7A7DD30B1FBC081D0004E741 /* Build configuration list for PBXNativeTarget "sqliteTests" */ = {
			isa = XCConfigurationList;
			buildConfigurations = (
				7A7DD30C1FBC081D0004E741 /* Debug */,
				7A7DD30D1FBC081D0004E741 /* Release */,
			);
			defaultConfigurationIsVisible = 0;
			defaultConfigurationName = Release;
		};
		7A7DD30E1FBC081D0004E741 /* Build configuration list for PBXNativeTarget "sqliteUITests" */ = {
			isa = XCConfigurationList;
			buildConfigurations = (
				7A7DD30F1FBC081D0004E741 /* Debug */,
				7A7DD3101FBC081D0004E741 /* Release */,
			);
			defaultConfigurationIsVisible = 0;
			defaultConfigurationName = Release;
		};
/* End XCConfigurationList section */
	};
	rootObject = 7A7DD2D31FBC081B0004E741 /* Project object */;
}
